
Microsoft Visual Studio Solution File, Format Version 12.00
# Visual Studio Version 17
VisualStudioVersion = 17.9.34616.47
MinimumVisualStudioVersion = 10.0.40219.1
Project("{FAE04EC0-301F-11D3-BF4B-00C04F79EFBC}") = "ZenithTask.Server", "ZenithTask.Server\ZenithTask.Server.csproj", "{A6A8AFA0-0735-465C-A878-68AEC662CBA3}"
EndProject
Project("{54A90642-561A-4BB1-A94E-469ADEE60C69}") = "zenithtask.client", "zenithtask.client\zenithtask.client.esproj", "{898CA403-63AF-4EAC-8B77-B3D9CF41F6D1}"
EndProject
Global
	GlobalSection(SolutionConfigurationPlatforms) = preSolution
		Debug|Any CPU = Debug|Any CPU
		Release|Any CPU = Release|Any CPU
	EndGlobalSection
	GlobalSection(ProjectConfigurationPlatforms) = postSolution
		{A6A8AFA0-0735-465C-A878-68AEC662CBA3}.Debug|Any CPU.ActiveCfg = Debug|Any CPU
		{A6A8AFA0-0735-465C-A878-68AEC662CBA3}.Debug|Any CPU.Build.0 = Debug|Any CPU
		{A6A8AFA0-0735-465C-A878-68AEC662CBA3}.Release|Any CPU.ActiveCfg = Release|Any CPU
		{A6A8AFA0-0735-465C-A878-68AEC662CBA3}.Release|Any CPU.Build.0 = Release|Any CPU
		{898CA403-63AF-4EAC-8B77-B3D9CF41F6D1}.Debug|Any CPU.ActiveCfg = Debug|Any CPU
		{898CA403-63AF-4EAC-8B77-B3D9CF41F6D1}.Debug|Any CPU.Build.0 = Debug|Any CPU
		{898CA403-63AF-4EAC-8B77-B3D9CF41F6D1}.Debug|Any CPU.Deploy.0 = Debug|Any CPU
		{898CA403-63AF-4EAC-8B77-B3D9CF41F6D1}.Release|Any CPU.ActiveCfg = Release|Any CPU
		{898CA403-63AF-4EAC-8B77-B3D9CF41F6D1}.Release|Any CPU.Build.0 = Release|Any CPU
		{898CA403-63AF-4EAC-8B77-B3D9CF41F6D1}.Release|Any CPU.Deploy.0 = Release|Any CPU
	EndGlobalSection
	GlobalSection(SolutionProperties) = preSolution
		HideSolutionNode = FALSE
	EndGlobalSection
	GlobalSection(ExtensibilityGlobals) = postSolution
		SolutionGuid = {E09C2139-1B65-4EA5-A8FC-2A5908810165}
	EndGlobalSection
EndGlobal
